
Microsoft Visual Studio Solution File, Format Version 12.00
# Visual Studio Version 17
VisualStudioVersion = 17.8.34330.188
MinimumVisualStudioVersion = 10.0.40219.1
Project("{2150E333-8FDC-42A3-9474-1A3956D46DE8}") = "Services", "Services", "{095A8FD1-CCBC-4481-AD47-54B10AA8C953}"
EndProject
Project("{2150E333-8FDC-42A3-9474-1A3956D46DE8}") = "Catalog", "Catalog", "{D70189F7-51B5-46FD-BE31-DB636A31DE46}"
EndProject
Project("{FAE04EC0-301F-11D3-BF4B-00C04F79EFBC}") = "Catalog.API", "Services\Catalog\Catalog.API\Catalog.API.csproj", "{F595408A-5A7D-4E0B-BE48-E881BBF5044A}"
EndProject
Global
	GlobalSection(SolutionConfigurationPlatforms) = preSolution
		Debug|Any CPU = Debug|Any CPU
		Release|Any CPU = Release|Any CPU
	EndGlobalSection
	GlobalSection(ProjectConfigurationPlatforms) = postSolution
		{F595408A-5A7D-4E0B-BE48-E881BBF5044A}.Debug|Any CPU.ActiveCfg = Debug|Any CPU
		{F595408A-5A7D-4E0B-BE48-E881BBF5044A}.Debug|Any CPU.Build.0 = Debug|Any CPU
		{F595408A-5A7D-4E0B-BE48-E881BBF5044A}.Release|Any CPU.ActiveCfg = Release|Any CPU
		{F595408A-5A7D-4E0B-BE48-E881BBF5044A}.Release|Any CPU.Build.0 = Release|Any CPU
	EndGlobalSection
	GlobalSection(SolutionProperties) = preSolution
		HideSolutionNode = FALSE
	EndGlobalSection
	GlobalSection(NestedProjects) = preSolution
		{D70189F7-51B5-46FD-BE31-DB636A31DE46} = {095A8FD1-CCBC-4481-AD47-54B10AA8C953}
		{F595408A-5A7D-4E0B-BE48-E881BBF5044A} = {D70189F7-51B5-46FD-BE31-DB636A31DE46}
	EndGlobalSection
	GlobalSection(ExtensibilityGlobals) = postSolution
		SolutionGuid = {1DD51C16-52CF-4255-9942-3AF27C87DDE5}
	EndGlobalSection
EndGlobal
